
Microsoft Visual Studio Solution File, Format Version 12.00
# Visual Studio 15
VisualStudioVersion = 15.0.26430.15
MinimumVisualStudioVersion = 10.0.40219.1
Project("{FAE04EC0-301F-11D3-BF4B-00C04F79EFBC}") = "MyPdfEditor", "MyPdfEditor\MyPdfEditor.csproj", "{AB176365-C2EF-4788-BFCD-3FFE3F9F59FB}"
EndProject
Project("{54435603-DBB4-11D2-8724-00A0C9A8B90C}") = "MyPdfEditorSetup", "MyPdfEditorSetup\MyPdfEditorSetup.vdproj", "{4A13BFEA-CA0E-40B4-B804-25802870C299}"
EndProject
Global
	GlobalSection(SolutionConfigurationPlatforms) = preSolution
		Debug|Any CPU = Debug|Any CPU
		Release|Any CPU = Release|Any CPU
	EndGlobalSection
	GlobalSection(ProjectConfigurationPlatforms) = postSolution
		{AB176365-C2EF-4788-BFCD-3FFE3F9F59FB}.Debug|Any CPU.ActiveCfg = Debug|Any CPU
		{AB176365-C2EF-4788-BFCD-3FFE3F9F59FB}.Debug|Any CPU.Build.0 = Debug|Any CPU
		{AB176365-C2EF-4788-BFCD-3FFE3F9F59FB}.Release|Any CPU.ActiveCfg = Release|Any CPU
		{AB176365-C2EF-4788-BFCD-3FFE3F9F59FB}.Release|Any CPU.Build.0 = Release|Any CPU
		{4A13BFEA-CA0E-40B4-B804-25802870C299}.Debug|Any CPU.ActiveCfg = Debug
		{4A13BFEA-CA0E-40B4-B804-25802870C299}.Release|Any CPU.ActiveCfg = Release
	EndGlobalSection
	GlobalSection(SolutionProperties) = preSolution
		HideSolutionNode = FALSE
	EndGlobalSection
EndGlobal
